<?xml version="1.0" encoding="utf-8"?>
<Project ToolsVersion="4.0" xmlns="http://schemas.microsoft.com/developer/msbuild/2003">
  <ItemGroup>
    <Filter Include="Source Files">
      <UniqueIdentifier>{4FC737F1-C7A5-4376-A066-2A32D752A2FF}</UniqueIdentifier>
      <Extensions>cpp;c;cc;cxx;c++;def;odl;idl;hpj;bat;asm;asmx</Extensions>
    </Filter>
    <Filter Include="Header Files">
      <UniqueIdentifier>{93995380-89BD-4b04-88EB-625FBE52EBFB}</UniqueIdentifier>
      <Extensions>h;hh;hpp;hxx;h++;hm;inl;inc;ipp;xsd</Extensions>
    </Filter>
    <Filter Include="Resource Files">
      <UniqueIdentifier>{67DA6AB6-F800-4c08-8B7A-83BB121AAD01}</UniqueIdentifier>
      <Extensions>rc;ico;cur;bmp;dlg;rc2;rct;bin;rgs;gif;jpg;jpeg;jpe;resx;tiff;tif;png;wav;mfcribbon-ms</Extensions>
    </Filter>
    <Filter Include="Header Files\Registries">
      <UniqueIdentifier>{35823e19-8056-49d7-a329-571188da989a}</UniqueIdentifier>
    </Filter>
    <Filter Include="Header Files\Entities">
      <UniqueIdentifier>{d0e98c3e-455d-47a2-8aca-f4b04e116331}</UniqueIdentifier>
    </Filter>
    <Filter Include="Header Files\Utilities">
      <UniqueIdentifier>{6b5a3f68-e911-4a14-a307-1a46f30c5afb}</UniqueIdentifier>
    </Filter>
    <Filter Include="Header Files\StateManagement">
      <UniqueIdentifier>{048873ee-8c3c-4c76-976b-fc864ed6f62c}</UniqueIdentifier>
    </Filter>
    <Filter Include="Source Files\Entities">
      <UniqueIdentifier>{741f3fee-f2f6-4831-814d-30296b48e3db}</UniqueIdentifier>
    </Filter>
    <Filter Include="Source Files\StateManagement">
      <UniqueIdentifier>{550ed1bd-ac2a-4690-b81d-fa3bdfa4858a}</UniqueIdentifier>
    </Filter>
    <Filter Include="Source Files\Utilities">
      <UniqueIdentifier>{509a03b8-db0a-4463-8f84-29e85d956312}</UniqueIdentifier>
    </Filter>
    <Filter Include="Source Files\Registries">
      <UniqueIdentifier>{586e30fc-cadf-4a21-9c1c-e6f210a68168}</UniqueIdentifier>
    </Filter>
    <Filter Include="Resource Files\Textures">
      <UniqueIdentifier>{51025295-f72d-45bb-88f4-5cba5b28408e}</UniqueIdentifier>
    </Filter>
    <Filter Include="Resource Files\Sounds">
      <UniqueIdentifier>{600f7b4f-26de-40c1-bd00-2b016ffbf92a}</UniqueIdentifier>
    </Filter>
    <Filter Include="Resource Files\Fonts">
      <UniqueIdentifier>{c5672196-f21e-4a0f-98ac-13b69b5ad871}</UniqueIdentifier>
    </Filter>
    <Filter Include="Source Files\UI">
      <UniqueIdentifier>{b6c854ce-d4d2-454e-845f-9d453cfce199}</UniqueIdentifier>
    </Filter>
    <Filter Include="Header Files\UI">
      <UniqueIdentifier>{03462eec-1568-442f-8ad7-eeeb620c6a1d}</UniqueIdentifier>
    </Filter>
  </ItemGroup>
  <ItemGroup>
    <ClCompile Include="main.cpp">
      <Filter>Source Files</Filter>
    </ClCompile>
    <ClCompile Include="Application.cpp">
      <Filter>Source Files</Filter>
    </ClCompile>
    <ClCompile Include="Config.cpp">
      <Filter>Source Files\Utilities</Filter>
    </ClCompile>
    <ClCompile Include="RayGizmos.cpp">
      <Filter>Source Files\Utilities</Filter>
    </ClCompile>
    <ClCompile Include="GameStateManager.cpp">
      <Filter>Source Files\StateManagement</Filter>
    </ClCompile>
    <ClCompile Include="PlayState.cpp">
      <Filter>Source Files\StateManagement</Filter>
    </ClCompile>
    <ClCompile Include="TextureRegistry.cpp">
      <Filter>Source Files\Registries</Filter>
    </ClCompile>
    <ClCompile Include="SoundRegistry.cpp">
      <Filter>Source Files\Registries</Filter>
    </ClCompile>
    <ClCompile Include="FontRegistry.cpp">
      <Filter>Source Files\Registries</Filter>
    </ClCompile>
    <ClCompile Include="Ground.cpp">
      <Filter>Source Files\Entities</Filter>
    </ClCompile>
    <ClCompile Include="Player.cpp">
      <Filter>Source Files\Entities</Filter>
    </ClCompile>
    <ClCompile Include="Physics.cpp">
      <Filter>Source Files\Entities</Filter>
    </ClCompile>
    <ClCompile Include="Button.cpp">
      <Filter>Source Files\UI</Filter>
    </ClCompile>
    <ClCompile Include="MenuState.cpp">
      <Filter>Source Files\StateManagement</Filter>
    </ClCompile>
  </ItemGroup>
  <ItemGroup>
    <ClInclude Include="Application.h">
      <Filter>Header Files</Filter>
    </ClInclude>
    <ClInclude Include="AssetRegistry.h">
      <Filter>Header Files\Registries</Filter>
    </ClInclude>
    <ClInclude Include="FontRegistry.h">
      <Filter>Header Files\Registries</Filter>
    </ClInclude>
    <ClInclude Include="SoundRegistry.h">
      <Filter>Header Files\Registries</Filter>
    </ClInclude>
    <ClInclude Include="TextureRegistry.h">
      <Filter>Header Files\Registries</Filter>
    </ClInclude>
    <ClInclude Include="Player.h">
      <Filter>Header Files\Entities</Filter>
    </ClInclude>
    <ClInclude Include="Ground.h">
      <Filter>Header Files\Entities</Filter>
    </ClInclude>
    <ClInclude Include="IEntity.h">
      <Filter>Header Files\Entities</Filter>
    </ClInclude>
    <ClInclude Include="Config.h">
      <Filter>Header Files\Utilities</Filter>
    </ClInclude>
    <ClInclude Include="RayGizmos.h">
      <Filter>Header Files\Utilities</Filter>
    </ClInclude>
    <ClInclude Include="GameStateManager.h">
      <Filter>Header Files\StateManagement</Filter>
    </ClInclude>
    <ClInclude Include="IGameState.h">
      <Filter>Header Files\StateManagement</Filter>
    </ClInclude>
    <ClInclude Include="PlayState.h">
      <Filter>Header Files\StateManagement</Filter>
    </ClInclude>
    <ClInclude Include="Physics.h">
      <Filter>Header Files\Entities</Filter>
    </ClInclude>
    <ClInclude Include="Button.h">
      <Filter>Header Files\UI</Filter>
    </ClInclude>
    <ClInclude Include="MenuState.h">
      <Filter>Header Files\StateManagement</Filter>
    </ClInclude>
  </ItemGroup>
  <ItemGroup>
    <None Include="config.cfg">
      <Filter>Resource Files</Filter>
    </None>
  </ItemGroup>
  <ItemGroup>
    <Font Include="assets\fonts\Roboto-Thin.ttf">
      <Filter>Resource Files\Fonts</Filter>
    </Font>
    <Font Include="assets\fonts\Roboto-Regular.ttf">
      <Filter>Resource Files\Fonts</Filter>
    </Font>
  </ItemGroup>
  <ItemGroup>
    <Media Include="assets\sounds\jump_sfx.mp3">
      <Filter>Resource Files\Sounds</Filter>
    </Media>
  </ItemGroup>
  <ItemGroup>
    <Image Include="assets\textures\dino_death.png">
      <Filter>Resource Files\Textures</Filter>
    </Image>
    <Image Include="assets\textures\dino_duck.png">
      <Filter>Resource Files\Textures</Filter>
    </Image>
    <Image Include="assets\textures\dino_run.png">
      <Filter>Resource Files\Textures</Filter>
    </Image>
    <Image Include="assets\textures\flying_dino_evil.png">
      <Filter>Resource Files\Textures</Filter>
    </Image>
    <Image Include="assets\textures\game_over.png">
      <Filter>Resource Files\Textures</Filter>
    </Image>
    <Image Include="assets\textures\ground.png">
      <Filter>Resource Files\Textures</Filter>
    </Image>
    <Image Include="assets\textures\large_cacti.png">
      <Filter>Resource Files\Textures</Filter>
    </Image>
    <Image Include="assets\textures\reset_button.png">
      <Filter>Resource Files\Textures</Filter>
    </Image>
    <Image Include="assets\textures\small_cacti.png">
      <Filter>Resource Files\Textures</Filter>
    </Image>
    <Image Include="assets\textures\sprites.png">
      <Filter>Resource Files\Textures</Filter>
    </Image>
  </ItemGroup>
</Project>